
Microsoft Visual Studio Solution File, Format Version 12.00
# Visual Studio Version 17
VisualStudioVersion = 17.10.35027.167
MinimumVisualStudioVersion = 10.0.40219.1
Project("{9A19103F-16F7-4668-BE54-9A1E7A4F7556}") = "HealthChecks.API", "HealthChecks.API.csproj", "{1B1A3140-474D-4171-A623-826612E0307C}"
EndProject
Project("{2150E333-8FDC-42A3-9474-1A3956D46DE8}") = "Solution Items", "Solution Items", "{114E40AF-1038-4767-AB02-F4226E115815}"
	ProjectSection(SolutionItems) = preProject
		docker-compose.yml = docker-compose.yml
	EndProjectSection
EndProject
Global
	GlobalSection(SolutionConfigurationPlatforms) = preSolution
		Debug|Any CPU = Debug|Any CPU
		Release|Any CPU = Release|Any CPU
	EndGlobalSection
	GlobalSection(ProjectConfigurationPlatforms) = postSolution
		{1B1A3140-474D-4171-A623-826612E0307C}.Debug|Any CPU.ActiveCfg = Debug|Any CPU
		{1B1A3140-474D-4171-A623-826612E0307C}.Debug|Any CPU.Build.0 = Debug|Any CPU
		{1B1A3140-474D-4171-A623-826612E0307C}.Release|Any CPU.ActiveCfg = Release|Any CPU
		{1B1A3140-474D-4171-A623-826612E0307C}.Release|Any CPU.Build.0 = Release|Any CPU
	EndGlobalSection
	GlobalSection(SolutionProperties) = preSolution
		HideSolutionNode = FALSE
	EndGlobalSection
	GlobalSection(ExtensibilityGlobals) = postSolution
		SolutionGuid = {3072915A-FB68-4FEE-8FAB-7F19C75489F9}
	EndGlobalSection
EndGlobal
